
Microsoft Visual Studio Solution File, Format Version 12.00
# Visual Studio Version 16
VisualStudioVersion = 16.0.29911.84
MinimumVisualStudioVersion = 10.0.40219.1
Project("{FAE04EC0-301F-11D3-BF4B-00C04F79EFBC}") = "E-Library-Management", "WebApplication1\E-Library-Management.csproj", "{050C5E27-BAC5-49D6-B999-E3BEF7607A09}"
EndProject
Global
	GlobalSection(SolutionConfigurationPlatforms) = preSolution
		Debug|Any CPU = Debug|Any CPU
		Release|Any CPU = Release|Any CPU
	EndGlobalSection
	GlobalSection(ProjectConfigurationPlatforms) = postSolution
		{050C5E27-BAC5-49D6-B999-E3BEF7607A09}.Debug|Any CPU.ActiveCfg = Debug|Any CPU
		{050C5E27-BAC5-49D6-B999-E3BEF7607A09}.Debug|Any CPU.Build.0 = Debug|Any CPU
		{050C5E27-BAC5-49D6-B999-E3BEF7607A09}.Release|Any CPU.ActiveCfg = Release|Any CPU
		{050C5E27-BAC5-49D6-B999-E3BEF7607A09}.Release|Any CPU.Build.0 = Release|Any CPU
	EndGlobalSection
	GlobalSection(SolutionProperties) = preSolution
		HideSolutionNode = FALSE
	EndGlobalSection
	GlobalSection(ExtensibilityGlobals) = postSolution
		SolutionGuid = {DF907B08-80EC-4B1C-AB59-A0E126004840}
	EndGlobalSection
EndGlobal
